
Microsoft Visual Studio Solution File, Format Version 12.00
# Visual Studio Version 16
VisualStudioVersion = 16.0.29519.87
MinimumVisualStudioVersion = 10.0.40219.1
Project("{FAE04EC0-301F-11D3-BF4B-00C04F79EFBC}") = "GrpcServer", "GrpcServer\GrpcServer.csproj", "{6DED4845-C66D-4EF8-B43F-39011C17D6A9}"
EndProject
Project("{FAE04EC0-301F-11D3-BF4B-00C04F79EFBC}") = "GrpcClient", "GrpcClient\GrpcClient.csproj", "{D41C58BC-8EA7-49FB-9866-A58897F772B3}"
EndProject
Global
	GlobalSection(SolutionConfigurationPlatforms) = preSolution
		Debug|Any CPU = Debug|Any CPU
		Release|Any CPU = Release|Any CPU
	EndGlobalSection
	GlobalSection(ProjectConfigurationPlatforms) = postSolution
		{6DED4845-C66D-4EF8-B43F-39011C17D6A9}.Debug|Any CPU.ActiveCfg = Debug|Any CPU
		{6DED4845-C66D-4EF8-B43F-39011C17D6A9}.Debug|Any CPU.Build.0 = Debug|Any CPU
		{6DED4845-C66D-4EF8-B43F-39011C17D6A9}.Release|Any CPU.ActiveCfg = Release|Any CPU
		{6DED4845-C66D-4EF8-B43F-39011C17D6A9}.Release|Any CPU.Build.0 = Release|Any CPU
		{D41C58BC-8EA7-49FB-9866-A58897F772B3}.Debug|Any CPU.ActiveCfg = Debug|Any CPU
		{D41C58BC-8EA7-49FB-9866-A58897F772B3}.Debug|Any CPU.Build.0 = Debug|Any CPU
		{D41C58BC-8EA7-49FB-9866-A58897F772B3}.Release|Any CPU.ActiveCfg = Release|Any CPU
		{D41C58BC-8EA7-49FB-9866-A58897F772B3}.Release|Any CPU.Build.0 = Release|Any CPU
	EndGlobalSection
	GlobalSection(SolutionProperties) = preSolution
		HideSolutionNode = FALSE
	EndGlobalSection
	GlobalSection(ExtensibilityGlobals) = postSolution
		SolutionGuid = {13D250CC-4821-4522-BDB4-0D4FFA9DE2D0}
	EndGlobalSection
EndGlobal
